
Microsoft Visual Studio Solution File, Format Version 12.00
# Visual Studio Version 16
VisualStudioVersion = 16.0.30114.105
MinimumVisualStudioVersion = 10.0.40219.1
Project("{2150E333-8FDC-42A3-9474-1A3956D46DE8}") = "Criacionais", "Criacionais", "{449FBBCB-F93D-4B21-A428-4A5A9D283171}"
EndProject
Project("{2150E333-8FDC-42A3-9474-1A3956D46DE8}") = "Factory", "Factory", "{687EFCE1-735E-48A2-A4CF-79549B63397D}"
EndProject
Project("{FAE04EC0-301F-11D3-BF4B-00C04F79EFBC}") = "SimpleFactory", "Criacionais\Factory\SimpleFactory\SimpleFactory.csproj", "{A8E55F22-334C-4AC9-BE8A-0AF5B058ABD8}"
EndProject
Global
	GlobalSection(SolutionConfigurationPlatforms) = preSolution
		Debug|Any CPU = Debug|Any CPU
		Release|Any CPU = Release|Any CPU
	EndGlobalSection
	GlobalSection(SolutionProperties) = preSolution
		HideSolutionNode = FALSE
	EndGlobalSection
	GlobalSection(NestedProjects) = preSolution
		{A8E55F22-334C-4AC9-BE8A-0AF5B058ABD8} = {687EFCE1-735E-48A2-A4CF-79549B63397D}
		{687EFCE1-735E-48A2-A4CF-79549B63397D} = {449FBBCB-F93D-4B21-A428-4A5A9D283171}
	EndGlobalSection
	GlobalSection(ProjectConfigurationPlatforms) = postSolution
		{A8E55F22-334C-4AC9-BE8A-0AF5B058ABD8}.Debug|Any CPU.ActiveCfg = Debug|Any CPU
		{A8E55F22-334C-4AC9-BE8A-0AF5B058ABD8}.Debug|Any CPU.Build.0 = Debug|Any CPU
		{A8E55F22-334C-4AC9-BE8A-0AF5B058ABD8}.Release|Any CPU.ActiveCfg = Release|Any CPU
		{A8E55F22-334C-4AC9-BE8A-0AF5B058ABD8}.Release|Any CPU.Build.0 = Release|Any CPU
	EndGlobalSection
EndGlobal
